
Microsoft Visual Studio Solution File, Format Version 12.00
# Visual Studio Version 16
VisualStudioVersion = 16.0.32106.194
MinimumVisualStudioVersion = 10.0.40219.1
Project("{FAE04EC0-301F-11D3-BF4B-00C04F79EFBC}") = "Exercicio7", "Exercicio7\Exercicio7.csproj", "{EC831959-D9B3-4ECD-99F2-60FC2BAEEBBC}"
EndProject
Global
	GlobalSection(SolutionConfigurationPlatforms) = preSolution
		Debug|Any CPU = Debug|Any CPU
		Release|Any CPU = Release|Any CPU
	EndGlobalSection
	GlobalSection(ProjectConfigurationPlatforms) = postSolution
		{EC831959-D9B3-4ECD-99F2-60FC2BAEEBBC}.Debug|Any CPU.ActiveCfg = Debug|Any CPU
		{EC831959-D9B3-4ECD-99F2-60FC2BAEEBBC}.Debug|Any CPU.Build.0 = Debug|Any CPU
		{EC831959-D9B3-4ECD-99F2-60FC2BAEEBBC}.Release|Any CPU.ActiveCfg = Release|Any CPU
		{EC831959-D9B3-4ECD-99F2-60FC2BAEEBBC}.Release|Any CPU.Build.0 = Release|Any CPU
	EndGlobalSection
	GlobalSection(SolutionProperties) = preSolution
		HideSolutionNode = FALSE
	EndGlobalSection
	GlobalSection(ExtensibilityGlobals) = postSolution
		SolutionGuid = {BC06B477-9EF1-4DCE-A63F-5C74D56893CE}
	EndGlobalSection
EndGlobal
